<?xml version="1.0" encoding="UTF-8"?>
<!DOCTYPE plist PUBLIC "-//Apple//DTD PLIST 1.0//EN" "http://www.apple.com/DTDs/PropertyList-1.0.dtd">
<plist version="1.0">
<dict>
	<key>archiveVersion</key>
	<string>1</string>
	<key>classes</key>
	<dict/>
	<key>objectVersion</key>
	<string>46</string>
	<key>objects</key>
	<dict>
		<key>0A3EDFFF1CEDAE5000E86910</key>
		<dict>
			<key>children</key>
			<array>
				<string>0A3EE00A1CEDAE5000E86910</string>
				<string>0A3EE0091CEDAE5000E86910</string>
				<string>27D5709458AAEF9445FA301F</string>
				<string>2450F91B117E43169E899295</string>
			</array>
			<key>isa</key>
			<string>PBXGroup</string>
			<key>sourceTree</key>
			<string>&lt;group&gt;</string>
		</dict>
		<key>0A3EE0001CEDAE5000E86910</key>
		<dict>
			<key>attributes</key>
			<dict>
				<key>CLASSPREFIX</key>
				<string>ZHY</string>
				<key>LastUpgradeCheck</key>
				<string>0730</string>
				<key>ORGANIZATIONNAME</key>
				<string>SWUST</string>
				<key>TargetAttributes</key>
				<dict>
					<key>0A3EE0071CEDAE5000E86910</key>
					<dict>
						<key>CreatedOnToolsVersion</key>
						<string>7.3</string>
						<key>DevelopmentTeam</key>
						<string>4LX6G4532A</string>
					</dict>
				</dict>
			</dict>
			<key>buildConfigurationList</key>
			<string>0A3EE0031CEDAE5000E86910</string>
			<key>compatibilityVersion</key>
			<string>Xcode 3.2</string>
			<key>developmentRegion</key>
			<string>English</string>
			<key>hasScannedForEncodings</key>
			<string>0</string>
			<key>isa</key>
			<string>PBXProject</string>
			<key>knownRegions</key>
			<array>
				<string>en</string>
				<string>Base</string>
			</array>
			<key>mainGroup</key>
			<string>0A3EDFFF1CEDAE5000E86910</string>
			<key>productRefGroup</key>
			<string>0A3EE0091CEDAE5000E86910</string>
			<key>projectDirPath</key>
			<string></string>
			<key>projectReferences</key>
			<array/>
			<key>projectRoot</key>
			<string></string>
			<key>targets</key>
			<array>
				<string>0A3EE0071CEDAE5000E86910</string>
			</array>
		</dict>
		<key>0A3EE0031CEDAE5000E86910</key>
		<dict>
			<key>buildConfigurations</key>
			<array>
				<string>0A3EE01D1CEDAE5000E86910</string>
				<string>0A3EE01E1CEDAE5000E86910</string>
			</array>
			<key>defaultConfigurationIsVisible</key>
			<string>0</string>
			<key>defaultConfigurationName</key>
			<string>Release</string>
			<key>isa</key>
			<string>XCConfigurationList</string>
		</dict>
		<key>0A3EE0041CEDAE5000E86910</key>
		<dict>
			<key>buildActionMask</key>
			<string>2147483647</string>
			<key>files</key>
			<array>
				<string>0A3EE0421CEDB23E00E86910</string>
				<string>0A3EE05A1CEDC1D500E86910</string>
				<string>0A3EE0441CEDB23E00E86910</string>
				<string>0A3EE0481CEDBA5100E86910</string>
				<string>0A3EE0431CEDB23E00E86910</string>
				<string>0A3EE0571CEDC16700E86910</string>
				<string>0A3EE0101CEDAE5000E86910</string>
				<string>0A3EE0541CEDC14F00E86910</string>
				<string>0A3EE0691CEDD7CE00E86910</string>
				<string>0A3EE04E1CEDC08F00E86910</string>
				<string>0A3EE04B1CEDC06B00E86910</string>
				<string>0A3EE0761CEEB8A600E86910</string>
				<string>0A3EE0661CEDD39100E86910</string>
				<string>0A3EE00D1CEDAE5000E86910</string>
				<string>0A3EE07A1CEEC9EF00E86910</string>
				<string>0A3EE0511CEDC10800E86910</string>
				<string>0A3EE05D1CEDC21400E86910</string>
				<string>0A3EE0601CEDC24600E86910</string>
				<string>0A3EE06F1CEE281900E86910</string>
				<string>0A3EE0731CEEAF1A00E86910</string>
			</array>
			<key>isa</key>
			<string>PBXSourcesBuildPhase</string>
			<key>runOnlyForDeploymentPostprocessing</key>
			<string>0</string>
		</dict>
		<key>0A3EE0051CEDAE5000E86910</key>
		<dict>
			<key>buildActionMask</key>
			<string>2147483647</string>
			<key>files</key>
			<array>
				<string>1EA4141E9BFD12DCDF81F744</string>
			</array>
			<key>isa</key>
			<string>PBXFrameworksBuildPhase</string>
			<key>runOnlyForDeploymentPostprocessing</key>
			<string>0</string>
		</dict>
		<key>0A3EE0061CEDAE5000E86910</key>
		<dict>
			<key>buildActionMask</key>
			<string>2147483647</string>
			<key>files</key>
			<array>
				<string>0A3EE0181CEDAE5000E86910</string>
				<string>0A3EE06B1CEE1BF500E86910</string>
				<string>0A3EE07B1CEEC9EF00E86910</string>
				<string>0A3EE0701CEE281900E86910</string>
			</array>
			<key>isa</key>
			<string>PBXResourcesBuildPhase</string>
			<key>runOnlyForDeploymentPostprocessing</key>
			<string>0</string>
		</dict>
		<key>0A3EE0071CEDAE5000E86910</key>
		<dict>
			<key>buildConfigurationList</key>
			<string>0A3EE01F1CEDAE5000E86910</string>
			<key>buildPhases</key>
			<array>
				<string>1B804817E3D9FBE4B0654E18</string>
				<string>0A3EE0041CEDAE5000E86910</string>
				<string>0A3EE0051CEDAE5000E86910</string>
				<string>0A3EE0061CEDAE5000E86910</string>
				<string>2168710F08DA60F9FD14A6D3</string>
				<string>905F124FC5F4A9A61673267A</string>
			</array>
			<key>buildRules</key>
			<array/>
			<key>dependencies</key>
			<array/>
			<key>isa</key>
			<string>PBXNativeTarget</string>
			<key>name</key>
			<string>BSBDJ</string>
			<key>productName</key>
			<string>BSBDJ</string>
			<key>productReference</key>
			<string>0A3EE0081CEDAE5000E86910</string>
			<key>productType</key>
			<string>com.apple.product-type.application</string>
		</dict>
		<key>0A3EE0081CEDAE5000E86910</key>
		<dict>
			<key>explicitFileType</key>
			<string>wrapper.application</string>
			<key>includeInIndex</key>
			<string>0</string>
			<key>isa</key>
			<string>PBXFileReference</string>
			<key>path</key>
			<string>BSBDJ.app</string>
			<key>sourceTree</key>
			<string>BUILT_PRODUCTS_DIR</string>
		</dict>
		<key>0A3EE0091CEDAE5000E86910</key>
		<dict>
			<key>children</key>
			<array>
				<string>0A3EE0081CEDAE5000E86910</string>
			</array>
			<key>isa</key>
			<string>PBXGroup</string>
			<key>name</key>
			<string>Products</string>
			<key>sourceTree</key>
			<string>&lt;group&gt;</string>
		</dict>
		<key>0A3EE00A1CEDAE5000E86910</key>
		<dict>
			<key>children</key>
			<array>
				<string>0A3EE0221CEDB17F00E86910</string>
				<string>0A3EE00B1CEDAE5000E86910</string>
			</array>
			<key>isa</key>
			<string>PBXGroup</string>
			<key>path</key>
			<string>BSBDJ</string>
			<key>sourceTree</key>
			<string>&lt;group&gt;</string>
		</dict>
		<key>0A3EE00B1CEDAE5000E86910</key>
		<dict>
			<key>children</key>
			<array>
				<string>0A3EE00E1CEDAE5000E86910</string>
				<string>0A3EE00F1CEDAE5000E86910</string>
				<string>0A3EE0171CEDAE5000E86910</string>
				<string>0A3EE01C1CEDAE5000E86910</string>
				<string>0A3EE00C1CEDAE5000E86910</string>
				<string>0A3EE0451CEDB51900E86910</string>
			</array>
			<key>isa</key>
			<string>PBXGroup</string>
			<key>name</key>
			<string>Supporting Files</string>
			<key>sourceTree</key>
			<string>&lt;group&gt;</string>
		</dict>
		<key>0A3EE00C1CEDAE5000E86910</key>
		<dict>
			<key>isa</key>
			<string>PBXFileReference</string>
			<key>lastKnownFileType</key>
			<string>sourcecode.c.objc</string>
			<key>path</key>
			<string>main.m</string>
			<key>sourceTree</key>
			<string>&lt;group&gt;</string>
		</dict>
		<key>0A3EE00D1CEDAE5000E86910</key>
		<dict>
			<key>fileRef</key>
			<string>0A3EE00C1CEDAE5000E86910</string>
			<key>isa</key>
			<string>PBXBuildFile</string>
		</dict>
		<key>0A3EE00E1CEDAE5000E86910</key>
		<dict>
			<key>isa</key>
			<string>PBXFileReference</string>
			<key>lastKnownFileType</key>
			<string>sourcecode.c.h</string>
			<key>path</key>
			<string>AppDelegate.h</string>
			<key>sourceTree</key>
			<string>&lt;group&gt;</string>
		</dict>
		<key>0A3EE00F1CEDAE5000E86910</key>
		<dict>
			<key>isa</key>
			<string>PBXFileReference</string>
			<key>lastKnownFileType</key>
			<string>sourcecode.c.objc</string>
			<key>path</key>
			<string>AppDelegate.m</string>
			<key>sourceTree</key>
			<string>&lt;group&gt;</string>
		</dict>
		<key>0A3EE0101CEDAE5000E86910</key>
		<dict>
			<key>fileRef</key>
			<string>0A3EE00F1CEDAE5000E86910</string>
			<key>isa</key>
			<string>PBXBuildFile</string>
		</dict>
		<key>0A3EE0171CEDAE5000E86910</key>
		<dict>
			<key>isa</key>
			<string>PBXFileReference</string>
			<key>lastKnownFileType</key>
			<string>folder.assetcatalog</string>
			<key>path</key>
			<string>Assets.xcassets</string>
			<key>sourceTree</key>
			<string>&lt;group&gt;</string>
		</dict>
		<key>0A3EE0181CEDAE5000E86910</key>
		<dict>
			<key>fileRef</key>
			<string>0A3EE0171CEDAE5000E86910</string>
			<key>isa</key>
			<string>PBXBuildFile</string>
		</dict>
		<key>0A3EE01C1CEDAE5000E86910</key>
		<dict>
			<key>isa</key>
			<string>PBXFileReference</string>
			<key>lastKnownFileType</key>
			<string>text.plist.xml</string>
			<key>path</key>
			<string>Info.plist</string>
			<key>sourceTree</key>
			<string>&lt;group&gt;</string>
		</dict>
		<key>0A3EE01D1CEDAE5000E86910</key>
		<dict>
			<key>buildSettings</key>
			<dict>
				<key>ALWAYS_SEARCH_USER_PATHS</key>
				<string>NO</string>
				<key>CLANG_ANALYZER_NONNULL</key>
				<string>YES</string>
				<key>CLANG_CXX_LANGUAGE_STANDARD</key>
				<string>gnu++0x</string>
				<key>CLANG_CXX_LIBRARY</key>
				<string>libc++</string>
				<key>CLANG_ENABLE_MODULES</key>
				<string>YES</string>
				<key>CLANG_ENABLE_OBJC_ARC</key>
				<string>YES</string>
				<key>CLANG_WARN_BOOL_CONVERSION</key>
				<string>YES</string>
				<key>CLANG_WARN_CONSTANT_CONVERSION</key>
				<string>YES</string>
				<key>CLANG_WARN_DIRECT_OBJC_ISA_USAGE</key>
				<string>YES_ERROR</string>
				<key>CLANG_WARN_EMPTY_BODY</key>
				<string>YES</string>
				<key>CLANG_WARN_ENUM_CONVERSION</key>
				<string>YES</string>
				<key>CLANG_WARN_INT_CONVERSION</key>
				<string>YES</string>
				<key>CLANG_WARN_OBJC_ROOT_CLASS</key>
				<string>YES_ERROR</string>
				<key>CLANG_WARN_UNREACHABLE_CODE</key>
				<string>YES</string>
				<key>CLANG_WARN__DUPLICATE_METHOD_MATCH</key>
				<string>YES</string>
				<key>CODE_SIGN_IDENTITY[sdk=iphoneos*]</key>
				<string>iPhone Developer</string>
				<key>COPY_PHASE_STRIP</key>
				<string>NO</string>
				<key>DEBUG_INFORMATION_FORMAT</key>
				<string>dwarf</string>
				<key>ENABLE_STRICT_OBJC_MSGSEND</key>
				<string>YES</string>
				<key>ENABLE_TESTABILITY</key>
				<string>YES</string>
				<key>GCC_C_LANGUAGE_STANDARD</key>
				<string>gnu99</string>
				<key>GCC_DYNAMIC_NO_PIC</key>
				<string>NO</string>
				<key>GCC_NO_COMMON_BLOCKS</key>
				<string>YES</string>
				<key>GCC_OPTIMIZATION_LEVEL</key>
				<string>0</string>
				<key>GCC_PREPROCESSOR_DEFINITIONS</key>
				<array>
					<string>DEBUG=1</string>
					<string>$(inherited)</string>
				</array>
				<key>GCC_WARN_64_TO_32_BIT_CONVERSION</key>
				<string>YES</string>
				<key>GCC_WARN_ABOUT_RETURN_TYPE</key>
				<string>YES_ERROR</string>
				<key>GCC_WARN_UNDECLARED_SELECTOR</key>
				<string>YES</string>
				<key>GCC_WARN_UNINITIALIZED_AUTOS</key>
				<string>YES_AGGRESSIVE</string>
				<key>GCC_WARN_UNUSED_FUNCTION</key>
				<string>YES</string>
				<key>GCC_WARN_UNUSED_VARIABLE</key>
				<string>YES</string>
				<key>IPHONEOS_DEPLOYMENT_TARGET</key>
				<string>9.3</string>
				<key>MTL_ENABLE_DEBUG_INFO</key>
				<string>YES</string>
				<key>ONLY_ACTIVE_ARCH</key>
				<string>YES</string>
				<key>SDKROOT</key>
				<string>iphoneos</string>
			</dict>
			<key>isa</key>
			<string>XCBuildConfiguration</string>
			<key>name</key>
			<string>Debug</string>
		</dict>
		<key>0A3EE01E1CEDAE5000E86910</key>
		<dict>
			<key>buildSettings</key>
			<dict>
				<key>ALWAYS_SEARCH_USER_PATHS</key>
				<string>NO</string>
				<key>CLANG_ANALYZER_NONNULL</key>
				<string>YES</string>
				<key>CLANG_CXX_LANGUAGE_STANDARD</key>
				<string>gnu++0x</string>
				<key>CLANG_CXX_LIBRARY</key>
				<string>libc++</string>
				<key>CLANG_ENABLE_MODULES</key>
				<string>YES</string>
				<key>CLANG_ENABLE_OBJC_ARC</key>
				<string>YES</string>
				<key>CLANG_WARN_BOOL_CONVERSION</key>
				<string>YES</string>
				<key>CLANG_WARN_CONSTANT_CONVERSION</key>
				<string>YES</string>
				<key>CLANG_WARN_DIRECT_OBJC_ISA_USAGE</key>
				<string>YES_ERROR</string>
				<key>CLANG_WARN_EMPTY_BODY</key>
				<string>YES</string>
				<key>CLANG_WARN_ENUM_CONVERSION</key>
				<string>YES</string>
				<key>CLANG_WARN_INT_CONVERSION</key>
				<string>YES</string>
				<key>CLANG_WARN_OBJC_ROOT_CLASS</key>
				<string>YES_ERROR</string>
				<key>CLANG_WARN_UNREACHABLE_CODE</key>
				<string>YES</string>
				<key>CLANG_WARN__DUPLICATE_METHOD_MATCH</key>
				<string>YES</string>
				<key>CODE_SIGN_IDENTITY[sdk=iphoneos*]</key>
				<string>iPhone Developer</string>
				<key>COPY_PHASE_STRIP</key>
				<string>NO</string>
				<key>DEBUG_INFORMATION_FORMAT</key>
				<string>dwarf-with-dsym</string>
				<key>ENABLE_NS_ASSERTIONS</key>
				<string>NO</string>
				<key>ENABLE_STRICT_OBJC_MSGSEND</key>
				<string>YES</string>
				<key>GCC_C_LANGUAGE_STANDARD</key>
				<string>gnu99</string>
				<key>GCC_NO_COMMON_BLOCKS</key>
				<string>YES</string>
				<key>GCC_WARN_64_TO_32_BIT_CONVERSION</key>
				<string>YES</string>
				<key>GCC_WARN_ABOUT_RETURN_TYPE</key>
				<string>YES_ERROR</string>
				<key>GCC_WARN_UNDECLARED_SELECTOR</key>
				<string>YES</string>
				<key>GCC_WARN_UNINITIALIZED_AUTOS</key>
				<string>YES_AGGRESSIVE</string>
				<key>GCC_WARN_UNUSED_FUNCTION</key>
				<string>YES</string>
				<key>GCC_WARN_UNUSED_VARIABLE</key>
				<string>YES</string>
				<key>IPHONEOS_DEPLOYMENT_TARGET</key>
				<string>9.3</string>
				<key>MTL_ENABLE_DEBUG_INFO</key>
				<string>NO</string>
				<key>SDKROOT</key>
				<string>iphoneos</string>
				<key>VALIDATE_PRODUCT</key>
				<string>YES</string>
			</dict>
			<key>isa</key>
			<string>XCBuildConfiguration</string>
			<key>name</key>
			<string>Release</string>
		</dict>
		<key>0A3EE01F1CEDAE5000E86910</key>
		<dict>
			<key>buildConfigurations</key>
			<array>
				<string>0A3EE0201CEDAE5000E86910</string>
				<string>0A3EE0211CEDAE5000E86910</string>
			</array>
			<key>defaultConfigurationIsVisible</key>
			<string>0</string>
			<key>isa</key>
			<string>XCConfigurationList</string>
		</dict>
		<key>0A3EE0201CEDAE5000E86910</key>
		<dict>
			<key>baseConfigurationReference</key>
			<string>E0385FFD31C88DCDCFA44B1F</string>
			<key>buildSettings</key>
			<dict>
				<key>ASSETCATALOG_COMPILER_APPICON_NAME</key>
				<string>AppIcon</string>
				<key>ASSETCATALOG_COMPILER_LAUNCHIMAGE_NAME</key>
				<string>LaunchImage</string>
				<key>CODE_SIGN_IDENTITY</key>
				<string>iPhone Developer</string>
				<key>CODE_SIGN_IDENTITY[sdk=iphoneos*]</key>
				<string>iPhone Developer</string>
				<key>GCC_PREFIX_HEADER</key>
				<string>BSBDJ/ZHYPrefixHeader.pch</string>
				<key>INFOPLIST_FILE</key>
				<string>BSBDJ/Info.plist</string>
				<key>IPHONEOS_DEPLOYMENT_TARGET</key>
				<string>7.0</string>
				<key>LD_RUNPATH_SEARCH_PATHS</key>
				<string>$(inherited) @executable_path/Frameworks</string>
				<key>PRODUCT_BUNDLE_IDENTIFIER</key>
				<string>BSBDJ</string>
				<key>PRODUCT_NAME</key>
				<string>$(TARGET_NAME)</string>
				<key>PROVISIONING_PROFILE</key>
				<string></string>
			</dict>
			<key>isa</key>
			<string>XCBuildConfiguration</string>
			<key>name</key>
			<string>Debug</string>
		</dict>
		<key>0A3EE0211CEDAE5000E86910</key>
		<dict>
			<key>baseConfigurationReference</key>
			<string>5DBF864017BCED00FD80353F</string>
			<key>buildSettings</key>
			<dict>
				<key>ASSETCATALOG_COMPILER_APPICON_NAME</key>
				<string>AppIcon</string>
				<key>ASSETCATALOG_COMPILER_LAUNCHIMAGE_NAME</key>
				<string>LaunchImage</string>
				<key>CODE_SIGN_IDENTITY</key>
				<string>iPhone Developer</string>
				<key>CODE_SIGN_IDENTITY[sdk=iphoneos*]</key>
				<string>iPhone Developer</string>
				<key>GCC_PREFIX_HEADER</key>
				<string>BSBDJ/ZHYPrefixHeader.pch</string>
				<key>INFOPLIST_FILE</key>
				<string>BSBDJ/Info.plist</string>
				<key>IPHONEOS_DEPLOYMENT_TARGET</key>
				<string>7.0</string>
				<key>LD_RUNPATH_SEARCH_PATHS</key>
				<string>$(inherited) @executable_path/Frameworks</string>
				<key>PRODUCT_BUNDLE_IDENTIFIER</key>
				<string>BSBDJ</string>
				<key>PRODUCT_NAME</key>
				<string>$(TARGET_NAME)</string>
				<key>PROVISIONING_PROFILE</key>
				<string></string>
			</dict>
			<key>isa</key>
			<string>XCBuildConfiguration</string>
			<key>name</key>
			<string>Release</string>
		</dict>
		<key>0A3EE0221CEDB17F00E86910</key>
		<dict>
			<key>children</key>
			<array>
				<string>0A3EE0231CEDB17F00E86910</string>
				<string>0A3EE02F1CEDB17F00E86910</string>
				<string>0A3EE0371CEDB17F00E86910</string>
				<string>0A3EE0271CEDB17F00E86910</string>
				<string>0A3EE02B1CEDB17F00E86910</string>
				<string>0A3EE0331CEDB17F00E86910</string>
			</array>
			<key>isa</key>
			<string>PBXGroup</string>
			<key>path</key>
			<string>Classes</string>
			<key>sourceTree</key>
			<string>&lt;group&gt;</string>
		</dict>
		<key>0A3EE0231CEDB17F00E86910</key>
		<dict>
			<key>children</key>
			<array>
				<string>0A3EE0241CEDB17F00E86910</string>
				<string>0A3EE0251CEDB17F00E86910</string>
				<string>0A3EE0261CEDB17F00E86910</string>
			</array>
			<key>isa</key>
			<string>PBXGroup</string>
			<key>path</key>
			<string>Essence</string>
			<key>sourceTree</key>
			<string>&lt;group&gt;</string>
		</dict>
		<key>0A3EE0241CEDB17F00E86910</key>
		<dict>
			<key>children</key>
			<array>
				<string>0A3EE0491CEDC06B00E86910</string>
				<string>0A3EE04A1CEDC06B00E86910</string>
				<string>0A3EE0671CEDD7CE00E86910</string>
				<string>0A3EE0681CEDD7CE00E86910</string>
			</array>
			<key>isa</key>
			<string>PBXGroup</string>
			<key>path</key>
			<string>Controller</string>
			<key>sourceTree</key>
			<string>&lt;group&gt;</string>
		</dict>
		<key>0A3EE0251CEDB17F00E86910</key>
		<dict>
			<key>children</key>
			<array/>
			<key>isa</key>
			<string>PBXGroup</string>
			<key>path</key>
			<string>Model</string>
			<key>sourceTree</key>
			<string>&lt;group&gt;</string>
		</dict>
		<key>0A3EE0261CEDB17F00E86910</key>
		<dict>
			<key>children</key>
			<array>
				<string>0A3EE0771CEEC9EF00E86910</string>
				<string>0A3EE0781CEEC9EF00E86910</string>
				<string>0A3EE0791CEEC9EF00E86910</string>
			</array>
			<key>isa</key>
			<string>PBXGroup</string>
			<key>path</key>
			<string>View</string>
			<key>sourceTree</key>
			<string>&lt;group&gt;</string>
		</dict>
		<key>0A3EE0271CEDB17F00E86910</key>
		<dict>
			<key>children</key>
			<array>
				<string>0A3EE0281CEDB17F00E86910</string>
				<string>0A3EE0291CEDB17F00E86910</string>
				<string>0A3EE02A1CEDB17F00E86910</string>
			</array>
			<key>isa</key>
			<string>PBXGroup</string>
			<key>path</key>
			<string>FriendTrends</string>
			<key>sourceTree</key>
			<string>&lt;group&gt;</string>
		</dict>
		<key>0A3EE0281CEDB17F00E86910</key>
		<dict>
			<key>children</key>
			<array>
				<string>0A3EE04C1CEDC08F00E86910</string>
				<string>0A3EE04D1CEDC08F00E86910</string>
				<string>0A3EE06A1CEE1BF500E86910</string>
				<string>0A3EE06C1CEE281900E86910</string>
				<string>0A3EE06D1CEE281900E86910</string>
				<string>0A3EE06E1CEE281900E86910</string>
			</array>
			<key>isa</key>
			<string>PBXGroup</string>
			<key>path</key>
			<string>Controller</string>
			<key>sourceTree</key>
			<string>&lt;group&gt;</string>
		</dict>
		<key>0A3EE0291CEDB17F00E86910</key>
		<dict>
			<key>children</key>
			<array/>
			<key>isa</key>
			<string>PBXGroup</string>
			<key>path</key>
			<string>Model</string>
			<key>sourceTree</key>
			<string>&lt;group&gt;</string>
		</dict>
		<key>0A3EE02A1CEDB17F00E86910</key>
		<dict>
			<key>children</key>
			<array>
				<string>0A3EE0711CEEAF1A00E86910</string>
				<string>0A3EE0721CEEAF1A00E86910</string>
				<string>0A3EE0741CEEB8A600E86910</string>
				<string>0A3EE0751CEEB8A600E86910</string>
			</array>
			<key>isa</key>
			<string>PBXGroup</string>
			<key>path</key>
			<string>View</string>
			<key>sourceTree</key>
			<string>&lt;group&gt;</string>
		</dict>
		<key>0A3EE02B1CEDB17F00E86910</key>
		<dict>
			<key>children</key>
			<array>
				<string>0A3EE02C1CEDB17F00E86910</string>
				<string>0A3EE02D1CEDB17F00E86910</string>
				<string>0A3EE02E1CEDB17F00E86910</string>
			</array>
			<key>isa</key>
			<string>PBXGroup</string>
			<key>path</key>
			<string>Me</string>
			<key>sourceTree</key>
			<string>&lt;group&gt;</string>
		</dict>
		<key>0A3EE02C1CEDB17F00E86910</key>
		<dict>
			<key>children</key>
			<array>
				<string>0A3EE04F1CEDC10800E86910</string>
				<string>0A3EE0501CEDC10800E86910</string>
				<string>0A3EE05B1CEDC21400E86910</string>
				<string>0A3EE05C1CEDC21400E86910</string>
			</array>
			<key>isa</key>
			<string>PBXGroup</string>
			<key>path</key>
			<string>Controller</string>
			<key>sourceTree</key>
			<string>&lt;group&gt;</string>
		</dict>
		<key>0A3EE02D1CEDB17F00E86910</key>
		<dict>
			<key>children</key>
			<array/>
			<key>isa</key>
			<string>PBXGroup</string>
			<key>path</key>
			<string>Model</string>
			<key>sourceTree</key>
			<string>&lt;group&gt;</string>
		</dict>
		<key>0A3EE02E1CEDB17F00E86910</key>
		<dict>
			<key>children</key>
			<array/>
			<key>isa</key>
			<string>PBXGroup</string>
			<key>path</key>
			<string>View</string>
			<key>sourceTree</key>
			<string>&lt;group&gt;</string>
		</dict>
		<key>0A3EE02F1CEDB17F00E86910</key>
		<dict>
			<key>children</key>
			<array>
				<string>0A3EE0301CEDB17F00E86910</string>
				<string>0A3EE0311CEDB17F00E86910</string>
				<string>0A3EE0321CEDB17F00E86910</string>
			</array>
			<key>isa</key>
			<string>PBXGroup</string>
			<key>path</key>
			<string>New</string>
			<key>sourceTree</key>
			<string>&lt;group&gt;</string>
		</dict>
		<key>0A3EE0301CEDB17F00E86910</key>
		<dict>
			<key>children</key>
			<array>
				<string>0A3EE0521CEDC14F00E86910</string>
				<string>0A3EE0531CEDC14F00E86910</string>
			</array>
			<key>isa</key>
			<string>PBXGroup</string>
			<key>path</key>
			<string>Controller</string>
			<key>sourceTree</key>
			<string>&lt;group&gt;</string>
		</dict>
		<key>0A3EE0311CEDB17F00E86910</key>
		<dict>
			<key>children</key>
			<array/>
			<key>isa</key>
			<string>PBXGroup</string>
			<key>path</key>
			<string>Model</string>
			<key>sourceTree</key>
			<string>&lt;group&gt;</string>
		</dict>
		<key>0A3EE0321CEDB17F00E86910</key>
		<dict>
			<key>children</key>
			<array/>
			<key>isa</key>
			<string>PBXGroup</string>
			<key>path</key>
			<string>View</string>
			<key>sourceTree</key>
			<string>&lt;group&gt;</string>
		</dict>
		<key>0A3EE0331CEDB17F00E86910</key>
		<dict>
			<key>children</key>
			<array>
				<string>0A3EE03B1CEDB1AF00E86910</string>
				<string>0A3EE0341CEDB17F00E86910</string>
				<string>0A3EE0351CEDB17F00E86910</string>
				<string>0A3EE0361CEDB17F00E86910</string>
			</array>
			<key>isa</key>
			<string>PBXGroup</string>
			<key>path</key>
			<string>Other</string>
			<key>sourceTree</key>
			<string>&lt;group&gt;</string>
		</dict>
		<key>0A3EE0341CEDB17F00E86910</key>
		<dict>
			<key>children</key>
			<array>
				<string>0A3EE0461CEDBA5100E86910</string>
				<string>0A3EE0471CEDBA5100E86910</string>
				<string>0A3EE0581CEDC1D500E86910</string>
				<string>0A3EE0591CEDC1D500E86910</string>
			</array>
			<key>isa</key>
			<string>PBXGroup</string>
			<key>path</key>
			<string>Controller</string>
			<key>sourceTree</key>
			<string>&lt;group&gt;</string>
		</dict>
		<key>0A3EE0351CEDB17F00E86910</key>
		<dict>
			<key>children</key>
			<array/>
			<key>isa</key>
			<string>PBXGroup</string>
			<key>path</key>
			<string>Model</string>
			<key>sourceTree</key>
			<string>&lt;group&gt;</string>
		</dict>
		<key>0A3EE0361CEDB17F00E86910</key>
		<dict>
			<key>children</key>
			<array>
				<string>0A3EE05E1CEDC24600E86910</string>
				<string>0A3EE05F1CEDC24600E86910</string>
			</array>
			<key>isa</key>
			<string>PBXGroup</string>
			<key>path</key>
			<string>View</string>
			<key>sourceTree</key>
			<string>&lt;group&gt;</string>
		</dict>
		<key>0A3EE0371CEDB17F00E86910</key>
		<dict>
			<key>children</key>
			<array>
				<string>0A3EE0381CEDB17F00E86910</string>
				<string>0A3EE0391CEDB17F00E86910</string>
				<string>0A3EE03A1CEDB17F00E86910</string>
			</array>
			<key>isa</key>
			<string>PBXGroup</string>
			<key>path</key>
			<string>Publish</string>
			<key>sourceTree</key>
			<string>&lt;group&gt;</string>
		</dict>
		<key>0A3EE0381CEDB17F00E86910</key>
		<dict>
			<key>children</key>
			<array>
				<string>0A3EE0551CEDC16700E86910</string>
				<string>0A3EE0561CEDC16700E86910</string>
			</array>
			<key>isa</key>
			<string>PBXGroup</string>
			<key>path</key>
			<string>Controller</string>
			<key>sourceTree</key>
			<string>&lt;group&gt;</string>
		</dict>
		<key>0A3EE0391CEDB17F00E86910</key>
		<dict>
			<key>children</key>
			<array/>
			<key>isa</key>
			<string>PBXGroup</string>
			<key>path</key>
			<string>Model</string>
			<key>sourceTree</key>
			<string>&lt;group&gt;</string>
		</dict>
		<key>0A3EE03A1CEDB17F00E86910</key>
		<dict>
			<key>children</key>
			<array/>
			<key>isa</key>
			<string>PBXGroup</string>
			<key>path</key>
			<string>View</string>
			<key>sourceTree</key>
			<string>&lt;group&gt;</string>
		</dict>
		<key>0A3EE03B1CEDB1AF00E86910</key>
		<dict>
			<key>children</key>
			<array>
				<string>0A3EE03C1CEDB23E00E86910</string>
				<string>0A3EE03D1CEDB23E00E86910</string>
				<string>0A3EE03E1CEDB23E00E86910</string>
				<string>0A3EE03F1CEDB23E00E86910</string>
				<string>0A3EE0401CEDB23E00E86910</string>
				<string>0A3EE0411CEDB23E00E86910</string>
				<string>0A3EE0641CEDD39100E86910</string>
				<string>0A3EE0651CEDD39100E86910</string>
			</array>
			<key>isa</key>
			<string>PBXGroup</string>
			<key>path</key>
			<string>Tools</string>
			<key>sourceTree</key>
			<string>&lt;group&gt;</string>
		</dict>
		<key>0A3EE03C1CEDB23E00E86910</key>
		<dict>
			<key>fileEncoding</key>
			<string>4</string>
			<key>isa</key>
			<string>PBXFileReference</string>
			<key>lastKnownFileType</key>
			<string>sourcecode.c.h</string>
			<key>path</key>
			<string>UIColor+ZHYExtension.h</string>
			<key>sourceTree</key>
			<string>&lt;group&gt;</string>
		</dict>
		<key>0A3EE03D1CEDB23E00E86910</key>
		<dict>
			<key>fileEncoding</key>
			<string>4</string>
			<key>isa</key>
			<string>PBXFileReference</string>
			<key>lastKnownFileType</key>
			<string>sourcecode.c.objc</string>
			<key>path</key>
			<string>UIColor+ZHYExtension.m</string>
			<key>sourceTree</key>
			<string>&lt;group&gt;</string>
		</dict>
		<key>0A3EE03E1CEDB23E00E86910</key>
		<dict>
			<key>fileEncoding</key>
			<string>4</string>
			<key>isa</key>
			<string>PBXFileReference</string>
			<key>lastKnownFileType</key>
			<string>sourcecode.c.h</string>
			<key>path</key>
			<string>UINavigationController+ZHYExtension.h</string>
			<key>sourceTree</key>
			<string>&lt;group&gt;</string>
		</dict>
		<key>0A3EE03F1CEDB23E00E86910</key>
		<dict>
			<key>fileEncoding</key>
			<string>4</string>
			<key>isa</key>
			<string>PBXFileReference</string>
			<key>lastKnownFileType</key>
			<string>sourcecode.c.objc</string>
			<key>path</key>
			<string>UINavigationController+ZHYExtension.m</string>
			<key>sourceTree</key>
			<string>&lt;group&gt;</string>
		</dict>
		<key>0A3EE0401CEDB23E00E86910</key>
		<dict>
			<key>fileEncoding</key>
			<string>4</string>
			<key>isa</key>
			<string>PBXFileReference</string>
			<key>lastKnownFileType</key>
			<string>sourcecode.c.h</string>
			<key>path</key>
			<string>UIView+ZHYExtension.h</string>
			<key>sourceTree</key>
			<string>&lt;group&gt;</string>
		</dict>
		<key>0A3EE0411CEDB23E00E86910</key>
		<dict>
			<key>fileEncoding</key>
			<string>4</string>
			<key>isa</key>
			<string>PBXFileReference</string>
			<key>lastKnownFileType</key>
			<string>sourcecode.c.objc</string>
			<key>path</key>
			<string>UIView+ZHYExtension.m</string>
			<key>sourceTree</key>
			<string>&lt;group&gt;</string>
		</dict>
		<key>0A3EE0421CEDB23E00E86910</key>
		<dict>
			<key>fileRef</key>
			<string>0A3EE03D1CEDB23E00E86910</string>
			<key>isa</key>
			<string>PBXBuildFile</string>
		</dict>
		<key>0A3EE0431CEDB23E00E86910</key>
		<dict>
			<key>fileRef</key>
			<string>0A3EE03F1CEDB23E00E86910</string>
			<key>isa</key>
			<string>PBXBuildFile</string>
		</dict>
		<key>0A3EE0441CEDB23E00E86910</key>
		<dict>
			<key>fileRef</key>
			<string>0A3EE0411CEDB23E00E86910</string>
			<key>isa</key>
			<string>PBXBuildFile</string>
		</dict>
		<key>0A3EE0451CEDB51900E86910</key>
		<dict>
			<key>fileEncoding</key>
			<string>4</string>
			<key>isa</key>
			<string>PBXFileReference</string>
			<key>lastKnownFileType</key>
			<string>sourcecode.c.h</string>
			<key>path</key>
			<string>ZHYPrefixHeader.pch</string>
			<key>sourceTree</key>
			<string>&lt;group&gt;</string>
		</dict>
		<key>0A3EE0461CEDBA5100E86910</key>
		<dict>
			<key>fileEncoding</key>
			<string>4</string>
			<key>isa</key>
			<string>PBXFileReference</string>
			<key>lastKnownFileType</key>
			<string>sourcecode.c.h</string>
			<key>path</key>
			<string>ZHYMainTabbarController.h</string>
			<key>sourceTree</key>
			<string>&lt;group&gt;</string>
		</dict>
		<key>0A3EE0471CEDBA5100E86910</key>
		<dict>
			<key>fileEncoding</key>
			<string>4</string>
			<key>isa</key>
			<string>PBXFileReference</string>
			<key>lastKnownFileType</key>
			<string>sourcecode.c.objc</string>
			<key>path</key>
			<string>ZHYMainTabbarController.m</string>
			<key>sourceTree</key>
			<string>&lt;group&gt;</string>
		</dict>
		<key>0A3EE0481CEDBA5100E86910</key>
		<dict>
			<key>fileRef</key>
			<string>0A3EE0471CEDBA5100E86910</string>
			<key>isa</key>
			<string>PBXBuildFile</string>
		</dict>
		<key>0A3EE0491CEDC06B00E86910</key>
		<dict>
			<key>fileEncoding</key>
			<string>4</string>
			<key>isa</key>
			<string>PBXFileReference</string>
			<key>lastKnownFileType</key>
			<string>sourcecode.c.h</string>
			<key>path</key>
			<string>ZHYEssenceController.h</string>
			<key>sourceTree</key>
			<string>&lt;group&gt;</string>
		</dict>
		<key>0A3EE04A1CEDC06B00E86910</key>
		<dict>
			<key>fileEncoding</key>
			<string>4</string>
			<key>isa</key>
			<string>PBXFileReference</string>
			<key>lastKnownFileType</key>
			<string>sourcecode.c.objc</string>
			<key>path</key>
			<string>ZHYEssenceController.m</string>
			<key>sourceTree</key>
			<string>&lt;group&gt;</string>
		</dict>
		<key>0A3EE04B1CEDC06B00E86910</key>
		<dict>
			<key>fileRef</key>
			<string>0A3EE04A1CEDC06B00E86910</string>
			<key>isa</key>
			<string>PBXBuildFile</string>
		</dict>
		<key>0A3EE04C1CEDC08F00E86910</key>
		<dict>
			<key>fileEncoding</key>
			<string>4</string>
			<key>isa</key>
			<string>PBXFileReference</string>
			<key>lastKnownFileType</key>
			<string>sourcecode.c.h</string>
			<key>path</key>
			<string>ZHYFriendTrendsController.h</string>
			<key>sourceTree</key>
			<string>&lt;group&gt;</string>
		</dict>
		<key>0A3EE04D1CEDC08F00E86910</key>
		<dict>
			<key>fileEncoding</key>
			<string>4</string>
			<key>isa</key>
			<string>PBXFileReference</string>
			<key>lastKnownFileType</key>
			<string>sourcecode.c.objc</string>
			<key>path</key>
			<string>ZHYFriendTrendsController.m</string>
			<key>sourceTree</key>
			<string>&lt;group&gt;</string>
		</dict>
		<key>0A3EE04E1CEDC08F00E86910</key>
		<dict>
			<key>fileRef</key>
			<string>0A3EE04D1CEDC08F00E86910</string>
			<key>isa</key>
			<string>PBXBuildFile</string>
		</dict>
		<key>0A3EE04F1CEDC10800E86910</key>
		<dict>
			<key>fileEncoding</key>
			<string>4</string>
			<key>isa</key>
			<string>PBXFileReference</string>
			<key>lastKnownFileType</key>
			<string>sourcecode.c.h</string>
			<key>path</key>
			<string>ZHYMeController.h</string>
			<key>sourceTree</key>
			<string>&lt;group&gt;</string>
		</dict>
		<key>0A3EE0501CEDC10800E86910</key>
		<dict>
			<key>fileEncoding</key>
			<string>4</string>
			<key>isa</key>
			<string>PBXFileReference</string>
			<key>lastKnownFileType</key>
			<string>sourcecode.c.objc</string>
			<key>path</key>
			<string>ZHYMeController.m</string>
			<key>sourceTree</key>
			<string>&lt;group&gt;</string>
		</dict>
		<key>0A3EE0511CEDC10800E86910</key>
		<dict>
			<key>fileRef</key>
			<string>0A3EE0501CEDC10800E86910</string>
			<key>isa</key>
			<string>PBXBuildFile</string>
		</dict>
		<key>0A3EE0521CEDC14F00E86910</key>
		<dict>
			<key>fileEncoding</key>
			<string>4</string>
			<key>isa</key>
			<string>PBXFileReference</string>
			<key>lastKnownFileType</key>
			<string>sourcecode.c.h</string>
			<key>path</key>
			<string>ZHYNewViewController.h</string>
			<key>sourceTree</key>
			<string>&lt;group&gt;</string>
		</dict>
		<key>0A3EE0531CEDC14F00E86910</key>
		<dict>
			<key>fileEncoding</key>
			<string>4</string>
			<key>isa</key>
			<string>PBXFileReference</string>
			<key>lastKnownFileType</key>
			<string>sourcecode.c.objc</string>
			<key>path</key>
			<string>ZHYNewViewController.m</string>
			<key>sourceTree</key>
			<string>&lt;group&gt;</string>
		</dict>
		<key>0A3EE0541CEDC14F00E86910</key>
		<dict>
			<key>fileRef</key>
			<string>0A3EE0531CEDC14F00E86910</string>
			<key>isa</key>
			<string>PBXBuildFile</string>
		</dict>
		<key>0A3EE0551CEDC16700E86910</key>
		<dict>
			<key>fileEncoding</key>
			<string>4</string>
			<key>isa</key>
			<string>PBXFileReference</string>
			<key>lastKnownFileType</key>
			<string>sourcecode.c.h</string>
			<key>path</key>
			<string>ZHYPublishViewController.h</string>
			<key>sourceTree</key>
			<string>&lt;group&gt;</string>
		</dict>
		<key>0A3EE0561CEDC16700E86910</key>
		<dict>
			<key>fileEncoding</key>
			<string>4</string>
			<key>isa</key>
			<string>PBXFileReference</string>
			<key>lastKnownFileType</key>
			<string>sourcecode.c.objc</string>
			<key>path</key>
			<string>ZHYPublishViewController.m</string>
			<key>sourceTree</key>
			<string>&lt;group&gt;</string>
		</dict>
		<key>0A3EE0571CEDC16700E86910</key>
		<dict>
			<key>fileRef</key>
			<string>0A3EE0561CEDC16700E86910</string>
			<key>isa</key>
			<string>PBXBuildFile</string>
		</dict>
		<key>0A3EE0581CEDC1D500E86910</key>
		<dict>
			<key>fileEncoding</key>
			<string>4</string>
			<key>isa</key>
			<string>PBXFileReference</string>
			<key>lastKnownFileType</key>
			<string>sourcecode.c.h</string>
			<key>path</key>
			<string>ZHYNavController.h</string>
			<key>sourceTree</key>
			<string>&lt;group&gt;</string>
		</dict>
		<key>0A3EE0591CEDC1D500E86910</key>
		<dict>
			<key>fileEncoding</key>
			<string>4</string>
			<key>isa</key>
			<string>PBXFileReference</string>
			<key>lastKnownFileType</key>
			<string>sourcecode.c.objc</string>
			<key>path</key>
			<string>ZHYNavController.m</string>
			<key>sourceTree</key>
			<string>&lt;group&gt;</string>
		</dict>
		<key>0A3EE05A1CEDC1D500E86910</key>
		<dict>
			<key>fileRef</key>
			<string>0A3EE0591CEDC1D500E86910</string>
			<key>isa</key>
			<string>PBXBuildFile</string>
		</dict>
		<key>0A3EE05B1CEDC21400E86910</key>
		<dict>
			<key>fileEncoding</key>
			<string>4</string>
			<key>isa</key>
			<string>PBXFileReference</string>
			<key>lastKnownFileType</key>
			<string>sourcecode.c.h</string>
			<key>path</key>
			<string>ZHYSettingTableController.h</string>
			<key>sourceTree</key>
			<string>&lt;group&gt;</string>
		</dict>
		<key>0A3EE05C1CEDC21400E86910</key>
		<dict>
			<key>fileEncoding</key>
			<string>4</string>
			<key>isa</key>
			<string>PBXFileReference</string>
			<key>lastKnownFileType</key>
			<string>sourcecode.c.objc</string>
			<key>path</key>
			<string>ZHYSettingTableController.m</string>
			<key>sourceTree</key>
			<string>&lt;group&gt;</string>
		</dict>
		<key>0A3EE05D1CEDC21400E86910</key>
		<dict>
			<key>fileRef</key>
			<string>0A3EE05C1CEDC21400E86910</string>
			<key>isa</key>
			<string>PBXBuildFile</string>
		</dict>
		<key>0A3EE05E1CEDC24600E86910</key>
		<dict>
			<key>fileEncoding</key>
			<string>4</string>
			<key>isa</key>
			<string>PBXFileReference</string>
			<key>lastKnownFileType</key>
			<string>sourcecode.c.h</string>
			<key>path</key>
			<string>ZHYTabbar.h</string>
			<key>sourceTree</key>
			<string>&lt;group&gt;</string>
		</dict>
		<key>0A3EE05F1CEDC24600E86910</key>
		<dict>
			<key>fileEncoding</key>
			<string>4</string>
			<key>isa</key>
			<string>PBXFileReference</string>
			<key>lastKnownFileType</key>
			<string>sourcecode.c.objc</string>
			<key>path</key>
			<string>ZHYTabbar.m</string>
			<key>sourceTree</key>
			<string>&lt;group&gt;</string>
		</dict>
		<key>0A3EE0601CEDC24600E86910</key>
		<dict>
			<key>fileRef</key>
			<string>0A3EE05F1CEDC24600E86910</string>
			<key>isa</key>
			<string>PBXBuildFile</string>
		</dict>
		<key>0A3EE0641CEDD39100E86910</key>
		<dict>
			<key>fileEncoding</key>
			<string>4</string>
			<key>isa</key>
			<string>PBXFileReference</string>
			<key>lastKnownFileType</key>
			<string>sourcecode.c.h</string>
			<key>path</key>
			<string>UIBarButtonItem+ZHYExtension.h</string>
			<key>sourceTree</key>
			<string>&lt;group&gt;</string>
		</dict>
		<key>0A3EE0651CEDD39100E86910</key>
		<dict>
			<key>fileEncoding</key>
			<string>4</string>
			<key>isa</key>
			<string>PBXFileReference</string>
			<key>lastKnownFileType</key>
			<string>sourcecode.c.objc</string>
			<key>path</key>
			<string>UIBarButtonItem+ZHYExtension.m</string>
			<key>sourceTree</key>
			<string>&lt;group&gt;</string>
		</dict>
		<key>0A3EE0661CEDD39100E86910</key>
		<dict>
			<key>fileRef</key>
			<string>0A3EE0651CEDD39100E86910</string>
			<key>isa</key>
			<string>PBXBuildFile</string>
		</dict>
		<key>0A3EE0671CEDD7CE00E86910</key>
		<dict>
			<key>fileEncoding</key>
			<string>4</string>
			<key>isa</key>
			<string>PBXFileReference</string>
			<key>lastKnownFileType</key>
			<string>sourcecode.c.h</string>
			<key>path</key>
			<string>ZHYTagController.h</string>
			<key>sourceTree</key>
			<string>&lt;group&gt;</string>
		</dict>
		<key>0A3EE0681CEDD7CE00E86910</key>
		<dict>
			<key>fileEncoding</key>
			<string>4</string>
			<key>isa</key>
			<string>PBXFileReference</string>
			<key>lastKnownFileType</key>
			<string>sourcecode.c.objc</string>
			<key>path</key>
			<string>ZHYTagController.m</string>
			<key>sourceTree</key>
			<string>&lt;group&gt;</string>
		</dict>
		<key>0A3EE0691CEDD7CE00E86910</key>
		<dict>
			<key>fileRef</key>
			<string>0A3EE0681CEDD7CE00E86910</string>
			<key>isa</key>
			<string>PBXBuildFile</string>
		</dict>
		<key>0A3EE06A1CEE1BF500E86910</key>
		<dict>
			<key>fileEncoding</key>
			<string>4</string>
			<key>isa</key>
			<string>PBXFileReference</string>
			<key>lastKnownFileType</key>
			<string>file.xib</string>
			<key>path</key>
			<string>ZHYFriendTrendsController.xib</string>
			<key>sourceTree</key>
			<string>&lt;group&gt;</string>
		</dict>
		<key>0A3EE06B1CEE1BF500E86910</key>
		<dict>
			<key>fileRef</key>
			<string>0A3EE06A1CEE1BF500E86910</string>
			<key>isa</key>
			<string>PBXBuildFile</string>
		</dict>
		<key>0A3EE06C1CEE281900E86910</key>
		<dict>
			<key>fileEncoding</key>
			<string>4</string>
			<key>isa</key>
			<string>PBXFileReference</string>
			<key>lastKnownFileType</key>
			<string>sourcecode.c.h</string>
			<key>path</key>
			<string>ZHYLoginRegisterController.h</string>
			<key>sourceTree</key>
			<string>&lt;group&gt;</string>
		</dict>
		<key>0A3EE06D1CEE281900E86910</key>
		<dict>
			<key>fileEncoding</key>
			<string>4</string>
			<key>isa</key>
			<string>PBXFileReference</string>
			<key>lastKnownFileType</key>
			<string>sourcecode.c.objc</string>
			<key>path</key>
			<string>ZHYLoginRegisterController.m</string>
			<key>sourceTree</key>
			<string>&lt;group&gt;</string>
		</dict>
		<key>0A3EE06E1CEE281900E86910</key>
		<dict>
			<key>fileEncoding</key>
			<string>4</string>
			<key>isa</key>
			<string>PBXFileReference</string>
			<key>lastKnownFileType</key>
			<string>file.xib</string>
			<key>path</key>
			<string>ZHYLoginRegisterController.xib</string>
			<key>sourceTree</key>
			<string>&lt;group&gt;</string>
		</dict>
		<key>0A3EE06F1CEE281900E86910</key>
		<dict>
			<key>fileRef</key>
			<string>0A3EE06D1CEE281900E86910</string>
			<key>isa</key>
			<string>PBXBuildFile</string>
		</dict>
		<key>0A3EE0701CEE281900E86910</key>
		<dict>
			<key>fileRef</key>
			<string>0A3EE06E1CEE281900E86910</string>
			<key>isa</key>
			<string>PBXBuildFile</string>
		</dict>
		<key>0A3EE0711CEEAF1A00E86910</key>
		<dict>
			<key>fileEncoding</key>
			<string>4</string>
			<key>isa</key>
			<string>PBXFileReference</string>
			<key>lastKnownFileType</key>
			<string>sourcecode.c.h</string>
			<key>path</key>
			<string>ZHYQuickLoginButton.h</string>
			<key>sourceTree</key>
			<string>&lt;group&gt;</string>
		</dict>
		<key>0A3EE0721CEEAF1A00E86910</key>
		<dict>
			<key>fileEncoding</key>
			<string>4</string>
			<key>isa</key>
			<string>PBXFileReference</string>
			<key>lastKnownFileType</key>
			<string>sourcecode.c.objc</string>
			<key>path</key>
			<string>ZHYQuickLoginButton.m</string>
			<key>sourceTree</key>
			<string>&lt;group&gt;</string>
		</dict>
		<key>0A3EE0731CEEAF1A00E86910</key>
		<dict>
			<key>fileRef</key>
			<string>0A3EE0721CEEAF1A00E86910</string>
			<key>isa</key>
			<string>PBXBuildFile</string>
		</dict>
		<key>0A3EE0741CEEB8A600E86910</key>
		<dict>
			<key>fileEncoding</key>
			<string>4</string>
			<key>isa</key>
			<string>PBXFileReference</string>
			<key>lastKnownFileType</key>
			<string>sourcecode.c.h</string>
			<key>path</key>
			<string>ZHYTextField.h</string>
			<key>sourceTree</key>
			<string>&lt;group&gt;</string>
		</dict>
		<key>0A3EE0751CEEB8A600E86910</key>
		<dict>
			<key>fileEncoding</key>
			<string>4</string>
			<key>isa</key>
			<string>PBXFileReference</string>
			<key>lastKnownFileType</key>
			<string>sourcecode.c.objc</string>
			<key>path</key>
			<string>ZHYTextField.m</string>
			<key>sourceTree</key>
			<string>&lt;group&gt;</string>
		</dict>
		<key>0A3EE0761CEEB8A600E86910</key>
		<dict>
			<key>fileRef</key>
			<string>0A3EE0751CEEB8A600E86910</string>
			<key>isa</key>
			<string>PBXBuildFile</string>
		</dict>
		<key>0A3EE0771CEEC9EF00E86910</key>
		<dict>
			<key>fileEncoding</key>
			<string>4</string>
			<key>isa</key>
			<string>PBXFileReference</string>
			<key>lastKnownFileType</key>
			<string>sourcecode.c.h</string>
			<key>path</key>
			<string>ZHYTagCell.h</string>
			<key>sourceTree</key>
			<string>&lt;group&gt;</string>
		</dict>
		<key>0A3EE0781CEEC9EF00E86910</key>
		<dict>
			<key>fileEncoding</key>
			<string>4</string>
			<key>isa</key>
			<string>PBXFileReference</string>
			<key>lastKnownFileType</key>
			<string>sourcecode.c.objc</string>
			<key>path</key>
			<string>ZHYTagCell.m</string>
			<key>sourceTree</key>
			<string>&lt;group&gt;</string>
		</dict>
		<key>0A3EE0791CEEC9EF00E86910</key>
		<dict>
			<key>fileEncoding</key>
			<string>4</string>
			<key>isa</key>
			<string>PBXFileReference</string>
			<key>lastKnownFileType</key>
			<string>file.xib</string>
			<key>path</key>
			<string>ZHYTagCell.xib</string>
			<key>sourceTree</key>
			<string>&lt;group&gt;</string>
		</dict>
		<key>0A3EE07A1CEEC9EF00E86910</key>
		<dict>
			<key>fileRef</key>
			<string>0A3EE0781CEEC9EF00E86910</string>
			<key>isa</key>
			<string>PBXBuildFile</string>
		</dict>
		<key>0A3EE07B1CEEC9EF00E86910</key>
		<dict>
			<key>fileRef</key>
			<string>0A3EE0791CEEC9EF00E86910</string>
			<key>isa</key>
			<string>PBXBuildFile</string>
		</dict>
		<key>1B804817E3D9FBE4B0654E18</key>
		<dict>
			<key>buildActionMask</key>
			<string>2147483647</string>
			<key>files</key>
			<array/>
			<key>inputPaths</key>
			<array/>
			<key>isa</key>
			<string>PBXShellScriptBuildPhase</string>
			<key>name</key>
			<string>Check Pods Manifest.lock</string>
			<key>outputPaths</key>
			<array/>
			<key>runOnlyForDeploymentPostprocessing</key>
			<string>0</string>
			<key>shellPath</key>
			<string>/bin/sh</string>
			<key>shellScript</key>
			<string>diff "${PODS_ROOT}/../Podfile.lock" "${PODS_ROOT}/Manifest.lock" &gt; /dev/null
if [[ $? != 0 ]] ; then
    cat &lt;&lt; EOM
error: The sandbox is not in sync with the Podfile.lock. Run 'pod install' or update your CocoaPods installation.
EOM
    exit 1
fi
</string>
			<key>showEnvVarsInLog</key>
			<string>0</string>
		</dict>
		<key>1EA4141E9BFD12DCDF81F744</key>
		<dict>
			<key>fileRef</key>
			<string>F76737071F5D53F43E3037BB</string>
			<key>isa</key>
			<string>PBXBuildFile</string>
		</dict>
		<key>2168710F08DA60F9FD14A6D3</key>
		<dict>
			<key>buildActionMask</key>
			<string>2147483647</string>
			<key>files</key>
			<array/>
			<key>inputPaths</key>
			<array/>
			<key>isa</key>
			<string>PBXShellScriptBuildPhase</string>
			<key>name</key>
			<string>Embed Pods Frameworks</string>
			<key>outputPaths</key>
			<array/>
			<key>runOnlyForDeploymentPostprocessing</key>
			<string>0</string>
			<key>shellPath</key>
			<string>/bin/sh</string>
			<key>shellScript</key>
			<string>"${SRCROOT}/Pods/Target Support Files/Pods/Pods-frameworks.sh"
</string>
			<key>showEnvVarsInLog</key>
			<string>0</string>
		</dict>
		<key>2450F91B117E43169E899295</key>
		<dict>
			<key>children</key>
			<array>
				<string>F76737071F5D53F43E3037BB</string>
			</array>
			<key>isa</key>
			<string>PBXGroup</string>
			<key>name</key>
			<string>Frameworks</string>
			<key>sourceTree</key>
			<string>&lt;group&gt;</string>
		</dict>
		<key>27D5709458AAEF9445FA301F</key>
		<dict>
			<key>children</key>
			<array>
				<string>E0385FFD31C88DCDCFA44B1F</string>
				<string>5DBF864017BCED00FD80353F</string>
			</array>
			<key>isa</key>
			<string>PBXGroup</string>
			<key>name</key>
			<string>Pods</string>
			<key>sourceTree</key>
			<string>&lt;group&gt;</string>
		</dict>
		<key>5DBF864017BCED00FD80353F</key>
		<dict>
			<key>includeInIndex</key>
			<string>1</string>
			<key>isa</key>
			<string>PBXFileReference</string>
			<key>lastKnownFileType</key>
			<string>text.xcconfig</string>
			<key>name</key>
			<string>Pods.release.xcconfig</string>
			<key>path</key>
			<string>Pods/Target Support Files/Pods/Pods.release.xcconfig</string>
			<key>sourceTree</key>
			<string>&lt;group&gt;</string>
		</dict>
		<key>905F124FC5F4A9A61673267A</key>
		<dict>
			<key>buildActionMask</key>
			<string>2147483647</string>
			<key>files</key>
			<array/>
			<key>inputPaths</key>
			<array/>
			<key>isa</key>
			<string>PBXShellScriptBuildPhase</string>
			<key>name</key>
			<string>Copy Pods Resources</string>
			<key>outputPaths</key>
			<array/>
			<key>runOnlyForDeploymentPostprocessing</key>
			<string>0</string>
			<key>shellPath</key>
			<string>/bin/sh</string>
			<key>shellScript</key>
			<string>"${SRCROOT}/Pods/Target Support Files/Pods/Pods-resources.sh"
</string>
			<key>showEnvVarsInLog</key>
			<string>0</string>
		</dict>
		<key>E0385FFD31C88DCDCFA44B1F</key>
		<dict>
			<key>includeInIndex</key>
			<string>1</string>
			<key>isa</key>
			<string>PBXFileReference</string>
			<key>lastKnownFileType</key>
			<string>text.xcconfig</string>
			<key>name</key>
			<string>Pods.debug.xcconfig</string>
			<key>path</key>
			<string>Pods/Target Support Files/Pods/Pods.debug.xcconfig</string>
			<key>sourceTree</key>
			<string>&lt;group&gt;</string>
		</dict>
		<key>F76737071F5D53F43E3037BB</key>
		<dict>
			<key>explicitFileType</key>
			<string>archive.ar</string>
			<key>includeInIndex</key>
			<string>0</string>
			<key>isa</key>
			<string>PBXFileReference</string>
			<key>path</key>
			<string>libPods.a</string>
			<key>sourceTree</key>
			<string>BUILT_PRODUCTS_DIR</string>
		</dict>
	</dict>
	<key>rootObject</key>
	<string>0A3EE0001CEDAE5000E86910</string>
</dict>
</plist>
